
Microsoft Visual Studio Solution File, Format Version 12.00
# Visual Studio Version 16
VisualStudioVersion = 16.0.32228.343
MinimumVisualStudioVersion = 10.0.40219.1
Project("{FAE04EC0-301F-11D3-BF4B-00C04F79EFBC}") = "MeetingManagement", "MeetingManagement\MeetingManagement.csproj", "{BB7D0636-975F-47B0-80BF-E0D6BB71AD53}"
EndProject
Global
	GlobalSection(SolutionConfigurationPlatforms) = preSolution
		Debug|Any CPU = Debug|Any CPU
		Release|Any CPU = Release|Any CPU
	EndGlobalSection
	GlobalSection(ProjectConfigurationPlatforms) = postSolution
		{BB7D0636-975F-47B0-80BF-E0D6BB71AD53}.Debug|Any CPU.ActiveCfg = Debug|Any CPU
		{BB7D0636-975F-47B0-80BF-E0D6BB71AD53}.Debug|Any CPU.Build.0 = Debug|Any CPU
		{BB7D0636-975F-47B0-80BF-E0D6BB71AD53}.Release|Any CPU.ActiveCfg = Release|Any CPU
		{BB7D0636-975F-47B0-80BF-E0D6BB71AD53}.Release|Any CPU.Build.0 = Release|Any CPU
	EndGlobalSection
	GlobalSection(SolutionProperties) = preSolution
		HideSolutionNode = FALSE
	EndGlobalSection
	GlobalSection(ExtensibilityGlobals) = postSolution
		SolutionGuid = {527D4442-273E-4563-96BB-B5DE48AF70DF}
	EndGlobalSection
EndGlobal
